PODS:
  - AFNetworking (3.1.0):
    - AFNetworking/NSURLSession (= 3.1.0)
    - AFNetworking/Reachability (= 3.1.0)
    - AFNetworking/Security (= 3.1.0)
    - AFNetworking/Serialization (= 3.1.0)
    - AFNetworking/UIKit (= 3.1.0)
  - AFNetworking/NSURLSession (3.1.0):
    - AFNetworking/Reachability
    - AFNetworking/Security
    - AFNetworking/Serialization
  - AFNetworking/Reachability (3.1.0)
  - AFNetworking/Security (3.1.0)
  - AFNetworking/Serialization (3.1.0)
  - AFNetworking/UIKit (3.1.0):
    - AFNetworking/NSURLSession
  - AMapFoundation-NO-IDFA (1.4.0)
  - AMapLocation-NO-IDFA (2.3.1):
    - AMapFoundation-NO-IDFA (~> 1.3)
  - IQKeyboardManager (4.0.9)
  - KVNProgress (2.3.1)
  - Masonry (1.0.2)
  - MBProgressHUD (1.0.0)
  - MJExtension (3.0.13)
  - MJRefresh (3.1.12)
  - MOBFoundation (2.2.18)
  - SDCycleScrollView (1.3)
  - SDWebImage (4.0.0):
    - SDWebImage/Core (= 4.0.0)
  - SDWebImage/Core (4.0.0)
  - ShareSDK3 (3.6.3):
    - MOBFoundation
    - ShareSDK3/ShareSDK (= 3.6.3)
  - ShareSDK3/ShareSDK (3.6.3):
    - MOBFoundation
  - ShareSDK3/ShareSDKExtension (3.6.3):
    - MOBFoundation
  - ShareSDK3/ShareSDKPlatforms/QQ (3.6.3):
    - MOBFoundation
  - ShareSDK3/ShareSDKPlatforms/SinaWeibo (3.6.3):
    - MOBFoundation
  - ShareSDK3/ShareSDKPlatforms/WeChat (3.6.3):
    - MOBFoundation
  - ShareSDK3/ShareSDKUI (3.6.3):
    - MOBFoundation
  - TXScrollLabelView (1.2.0)
  - UMengAnalytics-NO-IDFA (4.2.5)
  - UMessage (1.4.0)

DEPENDENCIES:
  - AFNetworking
  - AMapLocation-NO-IDFA
  - IQKeyboardManager
  - KVNProgress
  - Masonry
  - MBProgressHUD
  - MJExtension
  - MJRefresh
  - MOBFoundation
  - SDCycleScrollView
  - SDWebImage
  - ShareSDK3
  - ShareSDK3/ShareSDKExtension
  - ShareSDK3/ShareSDKPlatforms/QQ
  - ShareSDK3/ShareSDKPlatforms/SinaWeibo
  - ShareSDK3/ShareSDKPlatforms/WeChat
  - ShareSDK3/ShareSDKUI
  - TXScrollLabelView
  - UMengAnalytics-NO-IDFA
  - UMessage

SPEC CHECKSUMS:
  AFNetworking: 5e0e199f73d8626b11e79750991f5d173d1f8b67
  AMapFoundation-NO-IDFA: d1ba541a56737c2048115a745b1dfcbe9901c248
  AMapLocation-NO-IDFA: 7df5ab4b618d96665551afb0c6426f79db72a4a6
  IQKeyboardManager: 322c7405df3eb5f7e50dede32ea937bf3d4364e0
  KVNProgress: 8167b1f19e2758290c0b6143020ed9dcbb0477a1
  Masonry: 7c429b56da9d4ee0bbb3ed77a5ea710d6a5df39e
  MBProgressHUD: 4890f671c94e8a0f3cf959aa731e9de2f036d71a
  MJExtension: 5932755f451458eefa24239358817f8d291240c7
  MJRefresh: b96cdb21c4aa75a7b07654311ab2f315c497e806
  MOBFoundation: 209abfa5bb189c193f693bb610fa33f0031956e4
  SDCycleScrollView: 90e43636fcc8e6a7f74e8b64d87418a8e96549b4
  SDWebImage: 76a6348bdc74eb5a55dd08a091ef298e56b55e41
  ShareSDK3: d271520113160eb24b31cd642b45b38fcd592d93
  TXScrollLabelView: 52d69bf41995fed1c33320e8f4ad1a1be8dab596
  UMengAnalytics-NO-IDFA: 16666e32edce5be44ae5b14aaaa7f3582e09d6ab
  UMessage: f1619a28fdf03190050a67280e181dd422a980dc

PODFILE CHECKSUM: 3af4ba534e24355511becb2254b7db516eb68f75

COCOAPODS: 1.2.1
