// !$*UTF8*$!
{
	archiveVersion = 1;
	classes = {
	};
	objectVersion = 46;
	objects = {

/* Begin PBXBuildFile section */
		9E0419E95E115F7489DD2417 /* libPods-WHBasicProj.a in Frameworks */ = {isa = PBXBuildFile; fileRef = 92CB279B5099625EAA646696 /* libPods-WHBasicProj.a */; };
		D11C7C7C1EB1D4E700CE63E8 /* AppDelegate+Reachability.m in Sources */ = {isa = PBXBuildFile; fileRef = D11C7C771EB1D4E700CE63E8 /* AppDelegate+Reachability.m */; };
		D11C7C7D1EB1D4E700CE63E8 /* AppDelegate+UMengMessage.m in Sources */ = {isa = PBXBuildFile; fileRef = D11C7C791EB1D4E700CE63E8 /* AppDelegate+UMengMessage.m */; };
		D11C7C7E1EB1D4E700CE63E8 /* AppDelegate+UMengMobClick.m in Sources */ = {isa = PBXBuildFile; fileRef = D11C7C7B1EB1D4E700CE63E8 /* AppDelegate+UMengMobClick.m */; };
		D11C7C811EB1D50800CE63E8 /* WHProFileViewController.m in Sources */ = {isa = PBXBuildFile; fileRef = D11C7C801EB1D50800CE63E8 /* WHProFileViewController.m */; };
		D11C7C881EB1D91D00CE63E8 /* PXGetDataTool.m in Sources */ = {isa = PBXBuildFile; fileRef = D11C7C861EB1D91D00CE63E8 /* PXGetDataTool.m */; };
		D11C7C8E1EB1DA5800CE63E8 /* webViewController.m in Sources */ = {isa = PBXBuildFile; fileRef = D11C7C8B1EB1DA5800CE63E8 /* webViewController.m */; };
		D11C7C8F1EB1DA5800CE63E8 /* webViewTabBarController.m in Sources */ = {isa = PBXBuildFile; fileRef = D11C7C8D1EB1DA5800CE63E8 /* webViewTabBarController.m */; };
		D11C7C9A1EB1E56500CE63E8 /* WKMessageProgressHUD.m in Sources */ = {isa = PBXBuildFile; fileRef = D11C7C951EB1E56500CE63E8 /* WKMessageProgressHUD.m */; };
		D11C7C9B1EB1E56500CE63E8 /* WKProgressHUD.m in Sources */ = {isa = PBXBuildFile; fileRef = D11C7C971EB1E56500CE63E8 /* WKProgressHUD.m */; };
		D11C7C9C1EB1E56500CE63E8 /* WKWaitingProgressHUD.m in Sources */ = {isa = PBXBuildFile; fileRef = D11C7C991EB1E56500CE63E8 /* WKWaitingProgressHUD.m */; };
		D11C7CE81EB1E6D100CE63E8 /* backPic.png in Resources */ = {isa = PBXBuildFile; fileRef = D11C7CCF1EB1E6D100CE63E8 /* backPic.png */; };
		D11C7CE91EB1E6D100CE63E8 /* backPic@2x.png in Resources */ = {isa = PBXBuildFile; fileRef = D11C7CD01EB1E6D100CE63E8 /* backPic@2x.png */; };
		D11C7CEA1EB1E6D100CE63E8 /* backPic@3x.png in Resources */ = {isa = PBXBuildFile; fileRef = D11C7CD11EB1E6D100CE63E8 /* backPic@3x.png */; };
		D11C7CEB1EB1E6D100CE63E8 /* Contents.json in Resources */ = {isa = PBXBuildFile; fileRef = D11C7CD21EB1E6D100CE63E8 /* Contents.json */; };
		D11C7CEC1EB1E6D100CE63E8 /* Contents.json in Resources */ = {isa = PBXBuildFile; fileRef = D11C7CD31EB1E6D100CE63E8 /* Contents.json */; };
		D11C7CED1EB1E6D100CE63E8 /* Contents.json in Resources */ = {isa = PBXBuildFile; fileRef = D11C7CD51EB1E6D100CE63E8 /* Contents.json */; };
		D11C7CEE1EB1E6D100CE63E8 /* exit.png in Resources */ = {isa = PBXBuildFile; fileRef = D11C7CD61EB1E6D100CE63E8 /* exit.png */; };
		D11C7CEF1EB1E6D100CE63E8 /* exit@2x.png in Resources */ = {isa = PBXBuildFile; fileRef = D11C7CD71EB1E6D100CE63E8 /* exit@2x.png */; };
		D11C7CF01EB1E6D100CE63E8 /* exit@3x.png in Resources */ = {isa = PBXBuildFile; fileRef = D11C7CD81EB1E6D100CE63E8 /* exit@3x.png */; };
		D11C7CF11EB1E6D100CE63E8 /* Contents.json in Resources */ = {isa = PBXBuildFile; fileRef = D11C7CDA1EB1E6D100CE63E8 /* Contents.json */; };
		D11C7CF21EB1E6D100CE63E8 /* gotoPic1.png in Resources */ = {isa = PBXBuildFile; fileRef = D11C7CDB1EB1E6D100CE63E8 /* gotoPic1.png */; };
		D11C7CF31EB1E6D100CE63E8 /* gotoPic1@2x.png in Resources */ = {isa = PBXBuildFile; fileRef = D11C7CDC1EB1E6D100CE63E8 /* gotoPic1@2x.png */; };
		D11C7CF41EB1E6D100CE63E8 /* gotoPic1@3x.png in Resources */ = {isa = PBXBuildFile; fileRef = D11C7CDD1EB1E6D100CE63E8 /* gotoPic1@3x.png */; };
		D11C7CF51EB1E6D100CE63E8 /* Contents.json in Resources */ = {isa = PBXBuildFile; fileRef = D11C7CDF1EB1E6D100CE63E8 /* Contents.json */; };
		D11C7CF61EB1E6D100CE63E8 /* homePic.png in Resources */ = {isa = PBXBuildFile; fileRef = D11C7CE01EB1E6D100CE63E8 /* homePic.png */; };
		D11C7CF71EB1E6D100CE63E8 /* homePic@2x.png in Resources */ = {isa = PBXBuildFile; fileRef = D11C7CE11EB1E6D100CE63E8 /* homePic@2x.png */; };
		D11C7CF81EB1E6D100CE63E8 /* homePic@3x.png in Resources */ = {isa = PBXBuildFile; fileRef = D11C7CE21EB1E6D100CE63E8 /* homePic@3x.png */; };
		D11C7CF91EB1E6D100CE63E8 /* Contents.json in Resources */ = {isa = PBXBuildFile; fileRef = D11C7CE41EB1E6D100CE63E8 /* Contents.json */; };
		D11C7CFA1EB1E6D100CE63E8 /* refreshPic.png in Resources */ = {isa = PBXBuildFile; fileRef = D11C7CE51EB1E6D100CE63E8 /* refreshPic.png */; };
		D11C7CFB1EB1E6D100CE63E8 /* refreshPic@2x.png in Resources */ = {isa = PBXBuildFile; fileRef = D11C7CE61EB1E6D100CE63E8 /* refreshPic@2x.png */; };
		D11C7CFC1EB1E6D100CE63E8 /* refreshPic@3x.png in Resources */ = {isa = PBXBuildFile; fileRef = D11C7CE71EB1E6D100CE63E8 /* refreshPic@3x.png */; };
		D170AE701EB1B2B8003668C0 /* main.m in Sources */ = {isa = PBXBuildFile; fileRef = D170AE6F1EB1B2B8003668C0 /* main.m */; };
		D170AE731EB1B2B8003668C0 /* AppDelegate.m in Sources */ = {isa = PBXBuildFile; fileRef = D170AE721EB1B2B8003668C0 /* AppDelegate.m */; };
		D170AE791EB1B2B8003668C0 /* Main.storyboard in Resources */ = {isa = PBXBuildFile; fileRef = D170AE771EB1B2B8003668C0 /* Main.storyboard */; };
		D170AE7B1EB1B2B8003668C0 /* Assets.xcassets in Resources */ = {isa = PBXBuildFile; fileRef = D170AE7A1EB1B2B8003668C0 /* Assets.xcassets */; };
		D170AE7E1EB1B2B8003668C0 /* LaunchScreen.storyboard in Resources */ = {isa = PBXBuildFile; fileRef = D170AE7C1EB1B2B8003668C0 /* LaunchScreen.storyboard */; };
		D170AE8C1EB1BCBE003668C0 /* WHTabBarController.m in Sources */ = {isa = PBXBuildFile; fileRef = D170AE8B1EB1BCBE003668C0 /* WHTabBarController.m */; };
		D170AE981EB1CE1D003668C0 /* WHNewsViewController.m in Sources */ = {isa = PBXBuildFile; fileRef = D170AE971EB1CE1D003668C0 /* WHNewsViewController.m */; };
		D170AEB01EB1D1D2003668C0 /* ScottBaseAnimation.m in Sources */ = {isa = PBXBuildFile; fileRef = D170AE9D1EB1D1D2003668C0 /* ScottBaseAnimation.m */; };
		D170AEB11EB1D1D2003668C0 /* ScottDropDownAnimation.m in Sources */ = {isa = PBXBuildFile; fileRef = D170AE9F1EB1D1D2003668C0 /* ScottDropDownAnimation.m */; };
		D170AEB21EB1D1D2003668C0 /* ScottFadeAnimation.m in Sources */ = {isa = PBXBuildFile; fileRef = D170AEA11EB1D1D2003668C0 /* ScottFadeAnimation.m */; };
		D170AEB31EB1D1D2003668C0 /* ScottScaleFadeAnimation.m in Sources */ = {isa = PBXBuildFile; fileRef = D170AEA31EB1D1D2003668C0 /* ScottScaleFadeAnimation.m */; };
		D170AEB41EB1D1D2003668C0 /* ScottAlertView.m in Sources */ = {isa = PBXBuildFile; fileRef = D170AEA71EB1D1D2003668C0 /* ScottAlertView.m */; };
		D170AEB51EB1D1D2003668C0 /* ScottShowAlertView.m in Sources */ = {isa = PBXBuildFile; fileRef = D170AEA91EB1D1D2003668C0 /* ScottShowAlertView.m */; };
		D170AEB61EB1D1D2003668C0 /* UIView+ScottAlertView.m in Sources */ = {isa = PBXBuildFile; fileRef = D170AEAB1EB1D1D2003668C0 /* UIView+ScottAlertView.m */; };
		D170AEB71EB1D1D2003668C0 /* UIView+ScottAutoLayout.m in Sources */ = {isa = PBXBuildFile; fileRef = D170AEAD1EB1D1D2003668C0 /* UIView+ScottAutoLayout.m */; };
		D170AEB81EB1D1D2003668C0 /* ScottAlertViewController.m in Sources */ = {isa = PBXBuildFile; fileRef = D170AEAF1EB1D1D2003668C0 /* ScottAlertViewController.m */; };
/* End PBXBuildFile section */

/* Begin PBXFileReference section */
		5BEDE3522C61B6C52C2AF98E /* Pods-WHBasicProj.release.xcconfig */ = {isa = PBXFileReference; includeInIndex = 1; lastKnownFileType = text.xcconfig; name = "Pods-WHBasicProj.release.xcconfig"; path = "Pods/Target Support Files/Pods-WHBasicProj/Pods-WHBasicProj.release.xcconfig"; sourceTree = "<group>"; };
		92CB279B5099625EAA646696 /* libPods-WHBasicProj.a */ = {isa = PBXFileReference; explicitFileType = archive.ar; includeInIndex = 0; path = "libPods-WHBasicProj.a"; sourceTree = BUILT_PRODUCTS_DIR; };
		A55699F5FCAFE07ABB31F45D /* Pods-WHBasicProj.debug.xcconfig */ = {isa = PBXFileReference; includeInIndex = 1; lastKnownFileType = text.xcconfig; name = "Pods-WHBasicProj.debug.xcconfig"; path = "Pods/Target Support Files/Pods-WHBasicProj/Pods-WHBasicProj.debug.xcconfig"; sourceTree = "<group>"; };
		D11C7C761EB1D4E700CE63E8 /* AppDelegate+Reachability.h */ = {isa = PBXFileReference; fileEncoding = 4; lastKnownFileType = sourcecode.c.h; path = "AppDelegate+Reachability.h"; sourceTree = "<group>"; };
		D11C7C771EB1D4E700CE63E8 /* AppDelegate+Reachability.m */ = {isa = PBXFileReference; fileEncoding = 4; lastKnownFileType = sourcecode.c.objc; path = "AppDelegate+Reachability.m"; sourceTree = "<group>"; };
		D11C7C781EB1D4E700CE63E8 /* AppDelegate+UMengMessage.h */ = {isa = PBXFileReference; fileEncoding = 4; lastKnownFileType = sourcecode.c.h; path = "AppDelegate+UMengMessage.h"; sourceTree = "<group>"; };
		D11C7C791EB1D4E700CE63E8 /* AppDelegate+UMengMessage.m */ = {isa = PBXFileReference; fileEncoding = 4; lastKnownFileType = sourcecode.c.objc; path = "AppDelegate+UMengMessage.m"; sourceTree = "<group>"; };
		D11C7C7A1EB1D4E700CE63E8 /* AppDelegate+UMengMobClick.h */ = {isa = PBXFileReference; fileEncoding = 4; lastKnownFileType = sourcecode.c.h; path = "AppDelegate+UMengMobClick.h"; sourceTree = "<group>"; };
		D11C7C7B1EB1D4E700CE63E8 /* AppDelegate+UMengMobClick.m */ = {isa = PBXFileReference; fileEncoding = 4; lastKnownFileType = sourcecode.c.objc; path = "AppDelegate+UMengMobClick.m"; sourceTree = "<group>"; };
		D11C7C7F1EB1D50800CE63E8 /* WHProFileViewController.h */ = {isa = PBXFileReference; fileEncoding = 4; lastKnownFileType = sourcecode.c.h; path = WHProFileViewController.h; sourceTree = "<group>"; };
		D11C7C801EB1D50800CE63E8 /* WHProFileViewController.m */ = {isa = PBXFileReference; fileEncoding = 4; lastKnownFileType = sourcecode.c.objc; path = WHProFileViewController.m; sourceTree = "<group>"; };
		D11C7C851EB1D91D00CE63E8 /* PXGetDataTool.h */ = {isa = PBXFileReference; fileEncoding = 4; lastKnownFileType = sourcecode.c.h; path = PXGetDataTool.h; sourceTree = "<group>"; };
		D11C7C861EB1D91D00CE63E8 /* PXGetDataTool.m */ = {isa = PBXFileReference; fileEncoding = 4; lastKnownFileType = sourcecode.c.objc; path = PXGetDataTool.m; sourceTree = "<group>"; };
		D11C7C8A1EB1DA5800CE63E8 /* webViewController.h */ = {isa = PBXFileReference; fileEncoding = 4; lastKnownFileType = sourcecode.c.h; path = webViewController.h; sourceTree = "<group>"; };
		D11C7C8B1EB1DA5800CE63E8 /* webViewController.m */ = {isa = PBXFileReference; fileEncoding = 4; lastKnownFileType = sourcecode.c.objc; path = webViewController.m; sourceTree = "<group>"; };
		D11C7C8C1EB1DA5800CE63E8 /* webViewTabBarController.h */ = {isa = PBXFileReference; fileEncoding = 4; lastKnownFileType = sourcecode.c.h; path = webViewTabBarController.h; sourceTree = "<group>"; };
		D11C7C8D1EB1DA5800CE63E8 /* webViewTabBarController.m */ = {isa = PBXFileReference; fileEncoding = 4; lastKnownFileType = sourcecode.c.objc; path = webViewTabBarController.m; sourceTree = "<group>"; };
		D11C7C941EB1E56500CE63E8 /* WKMessageProgressHUD.h */ = {isa = PBXFileReference; fileEncoding = 4; lastKnownFileType = sourcecode.c.h; path = WKMessageProgressHUD.h; sourceTree = "<group>"; };
		D11C7C951EB1E56500CE63E8 /* WKMessageProgressHUD.m */ = {isa = PBXFileReference; fileEncoding = 4; lastKnownFileType = sourcecode.c.objc; path = WKMessageProgressHUD.m; sourceTree = "<group>"; };
		D11C7C961EB1E56500CE63E8 /* WKProgressHUD.h */ = {isa = PBXFileReference; fileEncoding = 4; lastKnownFileType = sourcecode.c.h; path = WKProgressHUD.h; sourceTree = "<group>"; };
		D11C7C971EB1E56500CE63E8 /* WKProgressHUD.m */ = {isa = PBXFileReference; fileEncoding = 4; lastKnownFileType = sourcecode.c.objc; path = WKProgressHUD.m; sourceTree = "<group>"; };
		D11C7C981EB1E56500CE63E8 /* WKWaitingProgressHUD.h */ = {isa = PBXFileReference; fileEncoding = 4; lastKnownFileType = sourcecode.c.h; path = WKWaitingProgressHUD.h; sourceTree = "<group>"; };
		D11C7C991EB1E56500CE63E8 /* WKWaitingProgressHUD.m */ = {isa = PBXFileReference; fileEncoding = 4; lastKnownFileType = sourcecode.c.objc; path = WKWaitingProgressHUD.m; sourceTree = "<group>"; };
		D11C7CCF1EB1E6D100CE63E8 /* backPic.png */ = {isa = PBXFileReference; lastKnownFileType = image.png; path = backPic.png; sourceTree = "<group>"; };
		D11C7CD01EB1E6D100CE63E8 /* backPic@2x.png */ = {isa = PBXFileReference; lastKnownFileType = image.png; path = "backPic@2x.png"; sourceTree = "<group>"; };
		D11C7CD11EB1E6D100CE63E8 /* backPic@3x.png */ = {isa = PBXFileReference; lastKnownFileType = image.png; path = "backPic@3x.png"; sourceTree = "<group>"; };
		D11C7CD21EB1E6D100CE63E8 /* Contents.json */ = {isa = PBXFileReference; fileEncoding = 4; lastKnownFileType = text.json; path = Contents.json; sourceTree = "<group>"; };
		D11C7CD31EB1E6D100CE63E8 /* Contents.json */ = {isa = PBXFileReference; fileEncoding = 4; lastKnownFileType = text.json; path = Contents.json; sourceTree = "<group>"; };
		D11C7CD51EB1E6D100CE63E8 /* Contents.json */ = {isa = PBXFileReference; fileEncoding = 4; lastKnownFileType = text.json; path = Contents.json; sourceTree = "<group>"; };
		D11C7CD61EB1E6D100CE63E8 /* exit.png */ = {isa = PBXFileReference; lastKnownFileType = image.png; path = exit.png; sourceTree = "<group>"; };
		D11C7CD71EB1E6D100CE63E8 /* exit@2x.png */ = {isa = PBXFileReference; lastKnownFileType = image.png; path = "exit@2x.png"; sourceTree = "<group>"; };
		D11C7CD81EB1E6D100CE63E8 /* exit@3x.png */ = {isa = PBXFileReference; lastKnownFileType = image.png; path = "exit@3x.png"; sourceTree = "<group>"; };
		D11C7CDA1EB1E6D100CE63E8 /* Contents.json */ = {isa = PBXFileReference; fileEncoding = 4; lastKnownFileType = text.json; path = Contents.json; sourceTree = "<group>"; };
		D11C7CDB1EB1E6D100CE63E8 /* gotoPic1.png */ = {isa = PBXFileReference; lastKnownFileType = image.png; path = gotoPic1.png; sourceTree = "<group>"; };
		D11C7CDC1EB1E6D100CE63E8 /* gotoPic1@2x.png */ = {isa = PBXFileReference; lastKnownFileType = image.png; path = "gotoPic1@2x.png"; sourceTree = "<group>"; };
		D11C7CDD1EB1E6D100CE63E8 /* gotoPic1@3x.png */ = {isa = PBXFileReference; lastKnownFileType = image.png; path = "gotoPic1@3x.png"; sourceTree = "<group>"; };
		D11C7CDF1EB1E6D100CE63E8 /* Contents.json */ = {isa = PBXFileReference; fileEncoding = 4; lastKnownFileType = text.json; path = Contents.json; sourceTree = "<group>"; };
		D11C7CE01EB1E6D100CE63E8 /* homePic.png */ = {isa = PBXFileReference; lastKnownFileType = image.png; path = homePic.png; sourceTree = "<group>"; };
		D11C7CE11EB1E6D100CE63E8 /* homePic@2x.png */ = {isa = PBXFileReference; lastKnownFileType = image.png; path = "homePic@2x.png"; sourceTree = "<group>"; };
		D11C7CE21EB1E6D100CE63E8 /* homePic@3x.png */ = {isa = PBXFileReference; lastKnownFileType = image.png; path = "homePic@3x.png"; sourceTree = "<group>"; };
		D11C7CE41EB1E6D100CE63E8 /* Contents.json */ = {isa = PBXFileReference; fileEncoding = 4; lastKnownFileType = text.json; path = Contents.json; sourceTree = "<group>"; };
		D11C7CE51EB1E6D100CE63E8 /* refreshPic.png */ = {isa = PBXFileReference; lastKnownFileType = image.png; path = refreshPic.png; sourceTree = "<group>"; };
		D11C7CE61EB1E6D100CE63E8 /* refreshPic@2x.png */ = {isa = PBXFileReference; lastKnownFileType = image.png; path = "refreshPic@2x.png"; sourceTree = "<group>"; };
		D11C7CE71EB1E6D100CE63E8 /* refreshPic@3x.png */ = {isa = PBXFileReference; lastKnownFileType = image.png; path = "refreshPic@3x.png"; sourceTree = "<group>"; };
		D170AE6B1EB1B2B8003668C0 /* WHBasicProj.app */ = {isa = PBXFileReference; explicitFileType = wrapper.application; includeInIndex = 0; path = WHBasicProj.app; sourceTree = BUILT_PRODUCTS_DIR; };
		D170AE6F1EB1B2B8003668C0 /* main.m */ = {isa = PBXFileReference; lastKnownFileType = sourcecode.c.objc; path = main.m; sourceTree = "<group>"; };
		D170AE711EB1B2B8003668C0 /* AppDelegate.h */ = {isa = PBXFileReference; lastKnownFileType = sourcecode.c.h; name = AppDelegate.h; path = ../../AppDelegate.h; sourceTree = "<group>"; };
		D170AE721EB1B2B8003668C0 /* AppDelegate.m */ = {isa = PBXFileReference; lastKnownFileType = sourcecode.c.objc; name = AppDelegate.m; path = ../../AppDelegate.m; sourceTree = "<group>"; };
		D170AE781EB1B2B8003668C0 /* Base */ = {isa = PBXFileReference; lastKnownFileType = file.storyboard; name = Base; path = Base.lproj/Main.storyboard; sourceTree = "<group>"; };
		D170AE7A1EB1B2B8003668C0 /* Assets.xcassets */ = {isa = PBXFileReference; lastKnownFileType = folder.assetcatalog; path = Assets.xcassets; sourceTree = "<group>"; };
		D170AE7D1EB1B2B8003668C0 /* Base */ = {isa = PBXFileReference; lastKnownFileType = file.storyboard; name = Base; path = Base.lproj/LaunchScreen.storyboard; sourceTree = "<group>"; };
		D170AE7F1EB1B2B8003668C0 /* Info.plist */ = {isa = PBXFileReference; lastKnownFileType = text.plist.xml; path = Info.plist; sourceTree = "<group>"; };
		D170AE881EB1B8A6003668C0 /* WHProjHeaderPCH.h */ = {isa = PBXFileReference; fileEncoding = 4; lastKnownFileType = sourcecode.c.h; path = WHProjHeaderPCH.h; sourceTree = "<group>"; };
		D170AE8A1EB1BCBE003668C0 /* WHTabBarController.h */ = {isa = PBXFileReference; fileEncoding = 4; lastKnownFileType = sourcecode.c.h; path = WHTabBarController.h; sourceTree = "<group>"; };
		D170AE8B1EB1BCBE003668C0 /* WHTabBarController.m */ = {isa = PBXFileReference; fileEncoding = 4; lastKnownFileType = sourcecode.c.objc; path = WHTabBarController.m; sourceTree = "<group>"; };
		D170AE961EB1CE1D003668C0 /* WHNewsViewController.h */ = {isa = PBXFileReference; fileEncoding = 4; lastKnownFileType = sourcecode.c.h; path = WHNewsViewController.h; sourceTree = "<group>"; };
		D170AE971EB1CE1D003668C0 /* WHNewsViewController.m */ = {isa = PBXFileReference; fileEncoding = 4; lastKnownFileType = sourcecode.c.objc; path = WHNewsViewController.m; sourceTree = "<group>"; };
		D170AE9C1EB1D1D2003668C0 /* ScottBaseAnimation.h */ = {isa = PBXFileReference; fileEncoding = 4; lastKnownFileType = sourcecode.c.h; path = ScottBaseAnimation.h; sourceTree = "<group>"; };
		D170AE9D1EB1D1D2003668C0 /* ScottBaseAnimation.m */ = {isa = PBXFileReference; fileEncoding = 4; lastKnownFileType = sourcecode.c.objc; path = ScottBaseAnimation.m; sourceTree = "<group>"; };
		D170AE9E1EB1D1D2003668C0 /* ScottDropDownAnimation.h */ = {isa = PBXFileReference; fileEncoding = 4; lastKnownFileType = sourcecode.c.h; path = ScottDropDownAnimation.h; sourceTree = "<group>"; };
		D170AE9F1EB1D1D2003668C0 /* ScottDropDownAnimation.m */ = {isa = PBXFileReference; fileEncoding = 4; lastKnownFileType = sourcecode.c.objc; path = ScottDropDownAnimation.m; sourceTree = "<group>"; };
		D170AEA01EB1D1D2003668C0 /* ScottFadeAnimation.h */ = {isa = PBXFileReference; fileEncoding = 4; lastKnownFileType = sourcecode.c.h; path = ScottFadeAnimation.h; sourceTree = "<group>"; };
		D170AEA11EB1D1D2003668C0 /* ScottFadeAnimation.m */ = {isa = PBXFileReference; fileEncoding = 4; lastKnownFileType = sourcecode.c.objc; path = ScottFadeAnimation.m; sourceTree = "<group>"; };
		D170AEA21EB1D1D2003668C0 /* ScottScaleFadeAnimation.h */ = {isa = PBXFileReference; fileEncoding = 4; lastKnownFileType = sourcecode.c.h; path = ScottScaleFadeAnimation.h; sourceTree = "<group>"; };
		D170AEA31EB1D1D2003668C0 /* ScottScaleFadeAnimation.m */ = {isa = PBXFileReference; fileEncoding = 4; lastKnownFileType = sourcecode.c.objc; path = ScottScaleFadeAnimation.m; sourceTree = "<group>"; };
		D170AEA41EB1D1D2003668C0 /* ScottAlertController.h */ = {isa = PBXFileReference; fileEncoding = 4; lastKnownFileType = sourcecode.c.h; path = ScottAlertController.h; sourceTree = "<group>"; };
		D170AEA61EB1D1D2003668C0 /* ScottAlertView.h */ = {isa = PBXFileReference; fileEncoding = 4; lastKnownFileType = sourcecode.c.h; path = ScottAlertView.h; sourceTree = "<group>"; };
		D170AEA71EB1D1D2003668C0 /* ScottAlertView.m */ = {isa = PBXFileReference; fileEncoding = 4; lastKnownFileType = sourcecode.c.objc; path = ScottAlertView.m; sourceTree = "<group>"; };
		D170AEA81EB1D1D2003668C0 /* ScottShowAlertView.h */ = {isa = PBXFileReference; fileEncoding = 4; lastKnownFileType = sourcecode.c.h; path = ScottShowAlertView.h; sourceTree = "<group>"; };
		D170AEA91EB1D1D2003668C0 /* ScottShowAlertView.m */ = {isa = PBXFileReference; fileEncoding = 4; lastKnownFileType = sourcecode.c.objc; path = ScottShowAlertView.m; sourceTree = "<group>"; };
		D170AEAA1EB1D1D2003668C0 /* UIView+ScottAlertView.h */ = {isa = PBXFileReference; fileEncoding = 4; lastKnownFileType = sourcecode.c.h; path = "UIView+ScottAlertView.h"; sourceTree = "<group>"; };
		D170AEAB1EB1D1D2003668C0 /* UIView+ScottAlertView.m */ = {isa = PBXFileReference; fileEncoding = 4; lastKnownFileType = sourcecode.c.objc; path = "UIView+ScottAlertView.m"; sourceTree = "<group>"; };
		D170AEAC1EB1D1D2003668C0 /* UIView+ScottAutoLayout.h */ = {isa = PBXFileReference; fileEncoding = 4; lastKnownFileType = sourcecode.c.h; path = "UIView+ScottAutoLayout.h"; sourceTree = "<group>"; };
		D170AEAD1EB1D1D2003668C0 /* UIView+ScottAutoLayout.m */ = {isa = PBXFileReference; fileEncoding = 4; lastKnownFileType = sourcecode.c.objc; path = "UIView+ScottAutoLayout.m"; sourceTree = "<group>"; };
		D170AEAE1EB1D1D2003668C0 /* ScottAlertViewController.h */ = {isa = PBXFileReference; fileEncoding = 4; lastKnownFileType = sourcecode.c.h; path = ScottAlertViewController.h; sourceTree = "<group>"; };
		D170AEAF1EB1D1D2003668C0 /* ScottAlertViewController.m */ = {isa = PBXFileReference; fileEncoding = 4; lastKnownFileType = sourcecode.c.objc; path = ScottAlertViewController.m; sourceTree = "<group>"; };
/* End PBXFileReference section */

/* Begin PBXFrameworksBuildPhase section */
		D170AE681EB1B2B8003668C0 /* Frameworks */ = {
			isa = PBXFrameworksBuildPhase;
			buildActionMask = 2147483647;
			files = (
				9E0419E95E115F7489DD2417 /* libPods-WHBasicProj.a in Frameworks */,
			);
			runOnlyForDeploymentPostprocessing = 0;
		};
/* End PBXFrameworksBuildPhase section */

/* Begin PBXGroup section */
		36C6005B72E952CA12DD80B1 /* Pods */ = {
			isa = PBXGroup;
			children = (
				A55699F5FCAFE07ABB31F45D /* Pods-WHBasicProj.debug.xcconfig */,
				5BEDE3522C61B6C52C2AF98E /* Pods-WHBasicProj.release.xcconfig */,
			);
			name = Pods;
			sourceTree = "<group>";
		};
		C4E0CA6875B2572264C6494F /* Frameworks */ = {
			isa = PBXGroup;
			children = (
				92CB279B5099625EAA646696 /* libPods-WHBasicProj.a */,
			);
			name = Frameworks;
			sourceTree = "<group>";
		};
		D11C7C751EB1D4BD00CE63E8 /* AppDelegate */ = {
			isa = PBXGroup;
			children = (
				D170AE711EB1B2B8003668C0 /* AppDelegate.h */,
				D170AE721EB1B2B8003668C0 /* AppDelegate.m */,
				D11C7C761EB1D4E700CE63E8 /* AppDelegate+Reachability.h */,
				D11C7C771EB1D4E700CE63E8 /* AppDelegate+Reachability.m */,
				D11C7C781EB1D4E700CE63E8 /* AppDelegate+UMengMessage.h */,
				D11C7C791EB1D4E700CE63E8 /* AppDelegate+UMengMessage.m */,
				D11C7C7A1EB1D4E700CE63E8 /* AppDelegate+UMengMobClick.h */,
				D11C7C7B1EB1D4E700CE63E8 /* AppDelegate+UMengMobClick.m */,
			);
			path = AppDelegate;
			sourceTree = "<group>";
		};
		D11C7C821EB1D91D00CE63E8 /* NetTools */ = {
			isa = PBXGroup;
			children = (
				D11C7C851EB1D91D00CE63E8 /* PXGetDataTool.h */,
				D11C7C861EB1D91D00CE63E8 /* PXGetDataTool.m */,
			);
			path = NetTools;
			sourceTree = "<group>";
		};
		D11C7C891EB1DA5800CE63E8 /* Web */ = {
			isa = PBXGroup;
			children = (
				D11C7CCD1EB1E6D100CE63E8 /* tablebar图标 */,
				D11C7C8A1EB1DA5800CE63E8 /* webViewController.h */,
				D11C7C8B1EB1DA5800CE63E8 /* webViewController.m */,
				D11C7C8C1EB1DA5800CE63E8 /* webViewTabBarController.h */,
				D11C7C8D1EB1DA5800CE63E8 /* webViewTabBarController.m */,
			);
			path = Web;
			sourceTree = "<group>";
		};
		D11C7C931EB1E56500CE63E8 /* WKProgressHUD */ = {
			isa = PBXGroup;
			children = (
				D11C7C941EB1E56500CE63E8 /* WKMessageProgressHUD.h */,
				D11C7C951EB1E56500CE63E8 /* WKMessageProgressHUD.m */,
				D11C7C961EB1E56500CE63E8 /* WKProgressHUD.h */,
				D11C7C971EB1E56500CE63E8 /* WKProgressHUD.m */,
				D11C7C981EB1E56500CE63E8 /* WKWaitingProgressHUD.h */,
				D11C7C991EB1E56500CE63E8 /* WKWaitingProgressHUD.m */,
			);
			path = WKProgressHUD;
			sourceTree = "<group>";
		};
		D11C7CCD1EB1E6D100CE63E8 /* tablebar图标 */ = {
			isa = PBXGroup;
			children = (
				D11C7CCE1EB1E6D100CE63E8 /* backPic.imageset */,
				D11C7CD31EB1E6D100CE63E8 /* Contents.json */,
				D11C7CD41EB1E6D100CE63E8 /* exit.imageset */,
				D11C7CD91EB1E6D100CE63E8 /* gotoPic1.imageset */,
				D11C7CDE1EB1E6D100CE63E8 /* homePic.imageset */,
				D11C7CE31EB1E6D100CE63E8 /* refreshPic.imageset */,
			);
			path = "tablebar图标";
			sourceTree = "<group>";
		};
		D11C7CCE1EB1E6D100CE63E8 /* backPic.imageset */ = {
			isa = PBXGroup;
			children = (
				D11C7CCF1EB1E6D100CE63E8 /* backPic.png */,
				D11C7CD01EB1E6D100CE63E8 /* backPic@2x.png */,
				D11C7CD11EB1E6D100CE63E8 /* backPic@3x.png */,
				D11C7CD21EB1E6D100CE63E8 /* Contents.json */,
			);
			path = backPic.imageset;
			sourceTree = "<group>";
		};
		D11C7CD41EB1E6D100CE63E8 /* exit.imageset */ = {
			isa = PBXGroup;
			children = (
				D11C7CD51EB1E6D100CE63E8 /* Contents.json */,
				D11C7CD61EB1E6D100CE63E8 /* exit.png */,
				D11C7CD71EB1E6D100CE63E8 /* exit@2x.png */,
				D11C7CD81EB1E6D100CE63E8 /* exit@3x.png */,
			);
			path = exit.imageset;
			sourceTree = "<group>";
		};
		D11C7CD91EB1E6D100CE63E8 /* gotoPic1.imageset */ = {
			isa = PBXGroup;
			children = (
				D11C7CDA1EB1E6D100CE63E8 /* Contents.json */,
				D11C7CDB1EB1E6D100CE63E8 /* gotoPic1.png */,
				D11C7CDC1EB1E6D100CE63E8 /* gotoPic1@2x.png */,
				D11C7CDD1EB1E6D100CE63E8 /* gotoPic1@3x.png */,
			);
			path = gotoPic1.imageset;
			sourceTree = "<group>";
		};
		D11C7CDE1EB1E6D100CE63E8 /* homePic.imageset */ = {
			isa = PBXGroup;
			children = (
				D11C7CDF1EB1E6D100CE63E8 /* Contents.json */,
				D11C7CE01EB1E6D100CE63E8 /* homePic.png */,
				D11C7CE11EB1E6D100CE63E8 /* homePic@2x.png */,
				D11C7CE21EB1E6D100CE63E8 /* homePic@3x.png */,
			);
			path = homePic.imageset;
			sourceTree = "<group>";
		};
		D11C7CE31EB1E6D100CE63E8 /* refreshPic.imageset */ = {
			isa = PBXGroup;
			children = (
				D11C7CE41EB1E6D100CE63E8 /* Contents.json */,
				D11C7CE51EB1E6D100CE63E8 /* refreshPic.png */,
				D11C7CE61EB1E6D100CE63E8 /* refreshPic@2x.png */,
				D11C7CE71EB1E6D100CE63E8 /* refreshPic@3x.png */,
			);
			path = refreshPic.imageset;
			sourceTree = "<group>";
		};
		D170AE621EB1B2B8003668C0 = {
			isa = PBXGroup;
			children = (
				D170AE6D1EB1B2B8003668C0 /* WHBasicProj */,
				D170AE6C1EB1B2B8003668C0 /* Products */,
				36C6005B72E952CA12DD80B1 /* Pods */,
				C4E0CA6875B2572264C6494F /* Frameworks */,
			);
			sourceTree = "<group>";
		};
		D170AE6C1EB1B2B8003668C0 /* Products */ = {
			isa = PBXGroup;
			children = (
				D170AE6B1EB1B2B8003668C0 /* WHBasicProj.app */,
			);
			name = Products;
			sourceTree = "<group>";
		};
		D170AE6D1EB1B2B8003668C0 /* WHBasicProj */ = {
			isa = PBXGroup;
			children = (
				D170AE881EB1B8A6003668C0 /* WHProjHeaderPCH.h */,
				D170AE891EB1BCA0003668C0 /* OC */,
				D170AE961EB1CE1D003668C0 /* WHNewsViewController.h */,
				D170AE971EB1CE1D003668C0 /* WHNewsViewController.m */,
				D11C7C7F1EB1D50800CE63E8 /* WHProFileViewController.h */,
				D11C7C801EB1D50800CE63E8 /* WHProFileViewController.m */,
				D11C7C891EB1DA5800CE63E8 /* Web */,
				D170AE991EB1D1C7003668C0 /* OCThirdLibs */,
				D170AE771EB1B2B8003668C0 /* Main.storyboard */,
				D170AE7A1EB1B2B8003668C0 /* Assets.xcassets */,
				D170AE7C1EB1B2B8003668C0 /* LaunchScreen.storyboard */,
				D170AE7F1EB1B2B8003668C0 /* Info.plist */,
				D170AE6E1EB1B2B8003668C0 /* Supporting Files */,
			);
			path = WHBasicProj;
			sourceTree = "<group>";
		};
		D170AE6E1EB1B2B8003668C0 /* Supporting Files */ = {
			isa = PBXGroup;
			children = (
				D170AE6F1EB1B2B8003668C0 /* main.m */,
			);
			name = "Supporting Files";
			sourceTree = "<group>";
		};
		D170AE891EB1BCA0003668C0 /* OC */ = {
			isa = PBXGroup;
			children = (
				D11C7C821EB1D91D00CE63E8 /* NetTools */,
				D11C7C751EB1D4BD00CE63E8 /* AppDelegate */,
				D170AE8A1EB1BCBE003668C0 /* WHTabBarController.h */,
				D170AE8B1EB1BCBE003668C0 /* WHTabBarController.m */,
			);
			path = OC;
			sourceTree = "<group>";
		};
		D170AE991EB1D1C7003668C0 /* OCThirdLibs */ = {
			isa = PBXGroup;
			children = (
				D11C7C931EB1E56500CE63E8 /* WKProgressHUD */,
				D170AE9A1EB1D1D2003668C0 /* ScottAlertController */,
			);
			path = OCThirdLibs;
			sourceTree = "<group>";
		};
		D170AE9A1EB1D1D2003668C0 /* ScottAlertController */ = {
			isa = PBXGroup;
			children = (
				D170AE9B1EB1D1D2003668C0 /* ScottAlertAnimations */,
				D170AEA41EB1D1D2003668C0 /* ScottAlertController.h */,
				D170AEA51EB1D1D2003668C0 /* ScottAlertView */,
				D170AEAE1EB1D1D2003668C0 /* ScottAlertViewController.h */,
				D170AEAF1EB1D1D2003668C0 /* ScottAlertViewController.m */,
			);
			path = ScottAlertController;
			sourceTree = "<group>";
		};
		D170AE9B1EB1D1D2003668C0 /* ScottAlertAnimations */ = {
			isa = PBXGroup;
			children = (
				D170AE9C1EB1D1D2003668C0 /* ScottBaseAnimation.h */,
				D170AE9D1EB1D1D2003668C0 /* ScottBaseAnimation.m */,
				D170AE9E1EB1D1D2003668C0 /* ScottDropDownAnimation.h */,
				D170AE9F1EB1D1D2003668C0 /* ScottDropDownAnimation.m */,
				D170AEA01EB1D1D2003668C0 /* ScottFadeAnimation.h */,
				D170AEA11EB1D1D2003668C0 /* ScottFadeAnimation.m */,
				D170AEA21EB1D1D2003668C0 /* ScottScaleFadeAnimation.h */,
				D170AEA31EB1D1D2003668C0 /* ScottScaleFadeAnimation.m */,
			);
			path = ScottAlertAnimations;
			sourceTree = "<group>";
		};
		D170AEA51EB1D1D2003668C0 /* ScottAlertView */ = {
			isa = PBXGroup;
			children = (
				D170AEA61EB1D1D2003668C0 /* ScottAlertView.h */,
				D170AEA71EB1D1D2003668C0 /* ScottAlertView.m */,
				D170AEA81EB1D1D2003668C0 /* ScottShowAlertView.h */,
				D170AEA91EB1D1D2003668C0 /* ScottShowAlertView.m */,
				D170AEAA1EB1D1D2003668C0 /* UIView+ScottAlertView.h */,
				D170AEAB1EB1D1D2003668C0 /* UIView+ScottAlertView.m */,
				D170AEAC1EB1D1D2003668C0 /* UIView+ScottAutoLayout.h */,
				D170AEAD1EB1D1D2003668C0 /* UIView+ScottAutoLayout.m */,
			);
			path = ScottAlertView;
			sourceTree = "<group>";
		};
/* End PBXGroup section */

/* Begin PBXNativeTarget section */
		D170AE6A1EB1B2B8003668C0 /* WHBasicProj */ = {
			isa = PBXNativeTarget;
			buildConfigurationList = D170AE821EB1B2B8003668C0 /* Build configuration list for PBXNativeTarget "WHBasicProj" */;
			buildPhases = (
				1CC6618F29C276E1D69BD471 /* [CP] Check Pods Manifest.lock */,
				D170AE671EB1B2B8003668C0 /* Sources */,
				D170AE681EB1B2B8003668C0 /* Frameworks */,
				D170AE691EB1B2B8003668C0 /* Resources */,
				D4F376ACCD4FF52E75C3C2D1 /* [CP] Embed Pods Frameworks */,
				CD106360BFFAFBC70D2AC1F4 /* [CP] Copy Pods Resources */,
			);
			buildRules = (
			);
			dependencies = (
			);
			name = WHBasicProj;
			productName = WHBasicProj;
			productReference = D170AE6B1EB1B2B8003668C0 /* WHBasicProj.app */;
			productType = "com.apple.product-type.application";
		};
/* End PBXNativeTarget section */

/* Begin PBXProject section */
		D170AE631EB1B2B8003668C0 /* Project object */ = {
			isa = PBXProject;
			attributes = {
				LastUpgradeCheck = 0810;
				ORGANIZATIONNAME = lieo;
				TargetAttributes = {
					D170AE6A1EB1B2B8003668C0 = {
						CreatedOnToolsVersion = 8.1;
						DevelopmentTeam = XL24MERRUR;
						ProvisioningStyle = Automatic;
					};
				};
			};
			buildConfigurationList = D170AE661EB1B2B8003668C0 /* Build configuration list for PBXProject "WHBasicProj" */;
			compatibilityVersion = "Xcode 3.2";
			developmentRegion = English;
			hasScannedForEncodings = 0;
			knownRegions = (
				en,
				Base,
			);
			mainGroup = D170AE621EB1B2B8003668C0;
			productRefGroup = D170AE6C1EB1B2B8003668C0 /* Products */;
			projectDirPath = "";
			projectRoot = "";
			targets = (
				D170AE6A1EB1B2B8003668C0 /* WHBasicProj */,
			);
		};
/* End PBXProject section */

/* Begin PBXResourcesBuildPhase section */
		D170AE691EB1B2B8003668C0 /* Resources */ = {
			isa = PBXResourcesBuildPhase;
			buildActionMask = 2147483647;
			files = (
				D170AE7E1EB1B2B8003668C0 /* LaunchScreen.storyboard in Resources */,
				D11C7CF81EB1E6D100CE63E8 /* homePic@3x.png in Resources */,
				D11C7CEE1EB1E6D100CE63E8 /* exit.png in Resources */,
				D11C7CF51EB1E6D100CE63E8 /* Contents.json in Resources */,
				D11C7CFA1EB1E6D100CE63E8 /* refreshPic.png in Resources */,
				D11C7CEA1EB1E6D100CE63E8 /* backPic@3x.png in Resources */,
				D11C7CF41EB1E6D100CE63E8 /* gotoPic1@3x.png in Resources */,
				D11C7CF01EB1E6D100CE63E8 /* exit@3x.png in Resources */,
				D11C7CED1EB1E6D100CE63E8 /* Contents.json in Resources */,
				D11C7CE91EB1E6D100CE63E8 /* backPic@2x.png in Resources */,
				D11C7CF31EB1E6D100CE63E8 /* gotoPic1@2x.png in Resources */,
				D11C7CEC1EB1E6D100CE63E8 /* Contents.json in Resources */,
				D11C7CF11EB1E6D100CE63E8 /* Contents.json in Resources */,
				D11C7CF71EB1E6D100CE63E8 /* homePic@2x.png in Resources */,
				D170AE7B1EB1B2B8003668C0 /* Assets.xcassets in Resources */,
				D11C7CEF1EB1E6D100CE63E8 /* exit@2x.png in Resources */,
				D170AE791EB1B2B8003668C0 /* Main.storyboard in Resources */,
				D11C7CF21EB1E6D100CE63E8 /* gotoPic1.png in Resources */,
				D11C7CFC1EB1E6D100CE63E8 /* refreshPic@3x.png in Resources */,
				D11C7CE81EB1E6D100CE63E8 /* backPic.png in Resources */,
				D11C7CEB1EB1E6D100CE63E8 /* Contents.json in Resources */,
				D11C7CFB1EB1E6D100CE63E8 /* refreshPic@2x.png in Resources */,
				D11C7CF61EB1E6D100CE63E8 /* homePic.png in Resources */,
				D11C7CF91EB1E6D100CE63E8 /* Contents.json in Resources */,
			);
			runOnlyForDeploymentPostprocessing = 0;
		};
/* End PBXResourcesBuildPhase section */

/* Begin PBXShellScriptBuildPhase section */
		1CC6618F29C276E1D69BD471 /* [CP] Check Pods Manifest.lock */ = {
			isa = PBXShellScriptBuildPhase;
			buildActionMask = 2147483647;
			files = (
			);
			inputPaths = (
			);
			name = "[CP] Check Pods Manifest.lock";
			outputPaths = (
			);
			runOnlyForDeploymentPostprocessing = 0;
			shellPath = /bin/sh;
			shellScript = "diff \"${PODS_PODFILE_DIR_PATH}/Podfile.lock\" \"${PODS_ROOT}/Manifest.lock\" > /dev/null\nif [ $? != 0 ] ; then\n    # print error to STDERR\n    echo \"error: The sandbox is not in sync with the Podfile.lock. Run 'pod install' or update your CocoaPods installation.\" >&2\n    exit 1\nfi\n";
			showEnvVarsInLog = 0;
		};
		CD106360BFFAFBC70D2AC1F4 /* [CP] Copy Pods Resources */ = {
			isa = PBXShellScriptBuildPhase;
			buildActionMask = 2147483647;
			files = (
			);
			inputPaths = (
			);
			name = "[CP] Copy Pods Resources";
			outputPaths = (
			);
			runOnlyForDeploymentPostprocessing = 0;
			shellPath = /bin/sh;
			shellScript = "\"${SRCROOT}/Pods/Target Support Files/Pods-WHBasicProj/Pods-WHBasicProj-resources.sh\"\n";
			showEnvVarsInLog = 0;
		};
		D4F376ACCD4FF52E75C3C2D1 /* [CP] Embed Pods Frameworks */ = {
			isa = PBXShellScriptBuildPhase;
			buildActionMask = 2147483647;
			files = (
			);
			inputPaths = (
			);
			name = "[CP] Embed Pods Frameworks";
			outputPaths = (
			);
			runOnlyForDeploymentPostprocessing = 0;
			shellPath = /bin/sh;
			shellScript = "\"${SRCROOT}/Pods/Target Support Files/Pods-WHBasicProj/Pods-WHBasicProj-frameworks.sh\"\n";
			showEnvVarsInLog = 0;
		};
/* End PBXShellScriptBuildPhase section */

/* Begin PBXSourcesBuildPhase section */
		D170AE671EB1B2B8003668C0 /* Sources */ = {
			isa = PBXSourcesBuildPhase;
			buildActionMask = 2147483647;
			files = (
				D11C7C7D1EB1D4E700CE63E8 /* AppDelegate+UMengMessage.m in Sources */,
				D11C7C8F1EB1DA5800CE63E8 /* webViewTabBarController.m in Sources */,
				D170AEB41EB1D1D2003668C0 /* ScottAlertView.m in Sources */,
				D170AEB51EB1D1D2003668C0 /* ScottShowAlertView.m in Sources */,
				D170AEB01EB1D1D2003668C0 /* ScottBaseAnimation.m in Sources */,
				D11C7C8E1EB1DA5800CE63E8 /* webViewController.m in Sources */,
				D11C7C7C1EB1D4E700CE63E8 /* AppDelegate+Reachability.m in Sources */,
				D170AEB61EB1D1D2003668C0 /* UIView+ScottAlertView.m in Sources */,
				D11C7C811EB1D50800CE63E8 /* WHProFileViewController.m in Sources */,
				D170AEB11EB1D1D2003668C0 /* ScottDropDownAnimation.m in Sources */,
				D11C7C9B1EB1E56500CE63E8 /* WKProgressHUD.m in Sources */,
				D170AEB21EB1D1D2003668C0 /* ScottFadeAnimation.m in Sources */,
				D170AEB31EB1D1D2003668C0 /* ScottScaleFadeAnimation.m in Sources */,
				D170AEB81EB1D1D2003668C0 /* ScottAlertViewController.m in Sources */,
				D11C7C9A1EB1E56500CE63E8 /* WKMessageProgressHUD.m in Sources */,
				D170AEB71EB1D1D2003668C0 /* UIView+ScottAutoLayout.m in Sources */,
				D170AE981EB1CE1D003668C0 /* WHNewsViewController.m in Sources */,
				D170AE731EB1B2B8003668C0 /* AppDelegate.m in Sources */,
				D11C7C9C1EB1E56500CE63E8 /* WKWaitingProgressHUD.m in Sources */,
				D11C7C881EB1D91D00CE63E8 /* PXGetDataTool.m in Sources */,
				D11C7C7E1EB1D4E700CE63E8 /* AppDelegate+UMengMobClick.m in Sources */,
				D170AE8C1EB1BCBE003668C0 /* WHTabBarController.m in Sources */,
				D170AE701EB1B2B8003668C0 /* main.m in Sources */,
			);
			runOnlyForDeploymentPostprocessing = 0;
		};
/* End PBXSourcesBuildPhase section */

/* Begin PBXVariantGroup section */
		D170AE771EB1B2B8003668C0 /* Main.storyboard */ = {
			isa = PBXVariantGroup;
			children = (
				D170AE781EB1B2B8003668C0 /* Base */,
			);
			name = Main.storyboard;
			sourceTree = "<group>";
		};
		D170AE7C1EB1B2B8003668C0 /* LaunchScreen.storyboard */ = {
			isa = PBXVariantGroup;
			children = (
				D170AE7D1EB1B2B8003668C0 /* Base */,
			);
			name = LaunchScreen.storyboard;
			sourceTree = "<group>";
		};
/* End PBXVariantGroup section */

/* Begin XCBuildConfiguration section */
		D170AE801EB1B2B8003668C0 /* Debug */ = {
			isa = XCBuildConfiguration;
			buildSettings = {
				ALWAYS_SEARCH_USER_PATHS = NO;
				CLANG_ANALYZER_NONNULL = YES;
				CLANG_CXX_LANGUAGE_STANDARD = "gnu++0x";
				CLANG_CXX_LIBRARY = "libc++";
				CLANG_ENABLE_MODULES = YES;
				CLANG_ENABLE_OBJC_ARC = YES;
				CLANG_WARN_BOOL_CONVERSION = YES;
				CLANG_WARN_CONSTANT_CONVERSION = YES;
				CLANG_WARN_DIRECT_OBJC_ISA_USAGE = YES_ERROR;
				CLANG_WARN_DOCUMENTATION_COMMENTS = YES;
				CLANG_WARN_EMPTY_BODY = YES;
				CLANG_WARN_ENUM_CONVERSION = YES;
				CLANG_WARN_INFINITE_RECURSION = YES;
				CLANG_WARN_INT_CONVERSION = YES;
				CLANG_WARN_OBJC_ROOT_CLASS = YES_ERROR;
				CLANG_WARN_SUSPICIOUS_MOVES = YES;
				CLANG_WARN_UNREACHABLE_CODE = YES;
				CLANG_WARN__DUPLICATE_METHOD_MATCH = YES;
				"CODE_SIGN_IDENTITY[sdk=iphoneos*]" = "iPhone Developer";
				COPY_PHASE_STRIP = NO;
				DEBUG_INFORMATION_FORMAT = dwarf;
				ENABLE_STRICT_OBJC_MSGSEND = YES;
				ENABLE_TESTABILITY = YES;
				GCC_C_LANGUAGE_STANDARD = gnu99;
				GCC_DYNAMIC_NO_PIC = NO;
				GCC_NO_COMMON_BLOCKS = YES;
				GCC_OPTIMIZATION_LEVEL = 0;
				GCC_PREPROCESSOR_DEFINITIONS = (
					"DEBUG=1",
					"$(inherited)",
				);
				GCC_WARN_64_TO_32_BIT_CONVERSION = YES;
				GCC_WARN_ABOUT_RETURN_TYPE = YES_ERROR;
				GCC_WARN_UNDECLARED_SELECTOR = YES;
				GCC_WARN_UNINITIALIZED_AUTOS = YES_AGGRESSIVE;
				GCC_WARN_UNUSED_FUNCTION = YES;
				GCC_WARN_UNUSED_VARIABLE = YES;
				IPHONEOS_DEPLOYMENT_TARGET = 10.1;
				MTL_ENABLE_DEBUG_INFO = YES;
				ONLY_ACTIVE_ARCH = YES;
				SDKROOT = iphoneos;
			};
			name = Debug;
		};
		D170AE811EB1B2B8003668C0 /* Release */ = {
			isa = XCBuildConfiguration;
			buildSettings = {
				ALWAYS_SEARCH_USER_PATHS = NO;
				CLANG_ANALYZER_NONNULL = YES;
				CLANG_CXX_LANGUAGE_STANDARD = "gnu++0x";
				CLANG_CXX_LIBRARY = "libc++";
				CLANG_ENABLE_MODULES = YES;
				CLANG_ENABLE_OBJC_ARC = YES;
				CLANG_WARN_BOOL_CONVERSION = YES;
				CLANG_WARN_CONSTANT_CONVERSION = YES;
				CLANG_WARN_DIRECT_OBJC_ISA_USAGE = YES_ERROR;
				CLANG_WARN_DOCUMENTATION_COMMENTS = YES;
				CLANG_WARN_EMPTY_BODY = YES;
				CLANG_WARN_ENUM_CONVERSION = YES;
				CLANG_WARN_INFINITE_RECURSION = YES;
				CLANG_WARN_INT_CONVERSION = YES;
				CLANG_WARN_OBJC_ROOT_CLASS = YES_ERROR;
				CLANG_WARN_SUSPICIOUS_MOVES = YES;
				CLANG_WARN_UNREACHABLE_CODE = YES;
				CLANG_WARN__DUPLICATE_METHOD_MATCH = YES;
				"CODE_SIGN_IDENTITY[sdk=iphoneos*]" = "iPhone Developer";
				COPY_PHASE_STRIP = NO;
				DEBUG_INFORMATION_FORMAT = "dwarf-with-dsym";
				ENABLE_NS_ASSERTIONS = NO;
				ENABLE_STRICT_OBJC_MSGSEND = YES;
				GCC_C_LANGUAGE_STANDARD = gnu99;
				GCC_NO_COMMON_BLOCKS = YES;
				GCC_WARN_64_TO_32_BIT_CONVERSION = YES;
				GCC_WARN_ABOUT_RETURN_TYPE = YES_ERROR;
				GCC_WARN_UNDECLARED_SELECTOR = YES;
				GCC_WARN_UNINITIALIZED_AUTOS = YES_AGGRESSIVE;
				GCC_WARN_UNUSED_FUNCTION = YES;
				GCC_WARN_UNUSED_VARIABLE = YES;
				IPHONEOS_DEPLOYMENT_TARGET = 10.1;
				MTL_ENABLE_DEBUG_INFO = NO;
				SDKROOT = iphoneos;
				VALIDATE_PRODUCT = YES;
			};
			name = Release;
		};
		D170AE831EB1B2B8003668C0 /* Debug */ = {
			isa = XCBuildConfiguration;
			baseConfigurationReference = A55699F5FCAFE07ABB31F45D /* Pods-WHBasicProj.debug.xcconfig */;
			buildSettings = {
				ASSETCATALOG_COMPILER_APPICON_NAME = AppIcon;
				DEVELOPMENT_TEAM = XL24MERRUR;
				GCC_PRECOMPILE_PREFIX_HEADER = YES;
				GCC_PREFIX_HEADER = "$(SRCROOT)/WHBasicProj/WHProjHeaderPCH.h";
				INFOPLIST_FILE = WHBasicProj/Info.plist;
				IPHONEOS_DEPLOYMENT_TARGET = 8.0;
				LD_RUNPATH_SEARCH_PATHS = "$(inherited) @executable_path/Frameworks";
				PRODUCT_BUNDLE_IDENTIFIER = com.lieo.WHBasicProj;
				PRODUCT_NAME = "$(TARGET_NAME)";
			};
			name = Debug;
		};
		D170AE841EB1B2B8003668C0 /* Release */ = {
			isa = XCBuildConfiguration;
			baseConfigurationReference = 5BEDE3522C61B6C52C2AF98E /* Pods-WHBasicProj.release.xcconfig */;
			buildSettings = {
				ASSETCATALOG_COMPILER_APPICON_NAME = AppIcon;
				DEVELOPMENT_TEAM = XL24MERRUR;
				GCC_PRECOMPILE_PREFIX_HEADER = YES;
				GCC_PREFIX_HEADER = "$(SRCROOT)/WHBasicProj/WHProjHeaderPCH.h";
				INFOPLIST_FILE = WHBasicProj/Info.plist;
				IPHONEOS_DEPLOYMENT_TARGET = 8.0;
				LD_RUNPATH_SEARCH_PATHS = "$(inherited) @executable_path/Frameworks";
				PRODUCT_BUNDLE_IDENTIFIER = com.lieo.WHBasicProj;
				PRODUCT_NAME = "$(TARGET_NAME)";
			};
			name = Release;
		};
/* End XCBuildConfiguration section */

/* Begin XCConfigurationList section */
		D170AE661EB1B2B8003668C0 /* Build configuration list for PBXProject "WHBasicProj" */ = {
			isa = XCConfigurationList;
			buildConfigurations = (
				D170AE801EB1B2B8003668C0 /* Debug */,
				D170AE811EB1B2B8003668C0 /* Release */,
			);
			defaultConfigurationIsVisible = 0;
			defaultConfigurationName = Release;
		};
		D170AE821EB1B2B8003668C0 /* Build configuration list for PBXNativeTarget "WHBasicProj" */ = {
			isa = XCConfigurationList;
			buildConfigurations = (
				D170AE831EB1B2B8003668C0 /* Debug */,
				D170AE841EB1B2B8003668C0 /* Release */,
			);
			defaultConfigurationIsVisible = 0;
			defaultConfigurationName = Release;
		};
/* End XCConfigurationList section */
	};
	rootObject = D170AE631EB1B2B8003668C0 /* Project object */;
}
